{
  "name": "test-assignment-tutu",
  "version": "1.0.0",
  "lockfileVersion": 2,
  "requires": true,
  "packages": {
    "": {
      "name": "test-assignment-tutu",
      "version": "1.0.0",
      "license": "MIT",
      "devDependencies": {
        "prettier": "^2.7.1",
        "prettier-plugin-package": "^1.3.0"
      }
    },
    "node_modules/prettier": {
      "version": "2.7.1",
      "resolved": "https://registry.npmjs.org/prettier/-/prettier-2.7.1.tgz",
      "integrity": "sha512-ujppO+MkdPqoVINuDFDRLClm7D78qbDt0/NR+wp5FqEZOoTNAjPHWj17QRhu7geIHJfcNhRk1XVQmF8Bp3ye+g==",
      "dev": true,
      "bin": {
        "prettier": "bin-prettier.js"
      },
      "engines": {
        "node": ">=10.13.0"
      },
      "funding": {
        "url": "https://github.com/prettier/prettier?sponsor=1"
      }
    },
    "node_modules/prettier-plugin-package": {
      "version": "1.3.0",
      "resolved": "https://registry.npmjs.org/prettier-plugin-package/-/prettier-plugin-package-1.3.0.tgz",
      "integrity": "sha512-KPNHR/Jm2zTevBp1SnjzMnooO1BOQW2bixVbOp8flOJoW+dxdDwEncObfsKZdkjwrv6AIH4oWqm5EO/etDmK9Q==",
      "dev": true,
      "engines": {
        "node": ">=10.13.0"
      },
      "peerDependencies": {
        "prettier": "^2.0.0"
      }
    }
  },
  "dependencies": {
    "prettier": {
      "version": "2.7.1",
      "resolved": "https://registry.npmjs.org/prettier/-/prettier-2.7.1.tgz",
      "integrity": "sha512-ujppO+MkdPqoVINuDFDRLClm7D78qbDt0/NR+wp5FqEZOoTNAjPHWj17QRhu7geIHJfcNhRk1XVQmF8Bp3ye+g==",
      "dev": true
    },
    "prettier-plugin-package": {
      "version": "1.3.0",
      "resolved": "https://registry.npmjs.org/prettier-plugin-package/-/prettier-plugin-package-1.3.0.tgz",
      "integrity": "sha512-KPNHR/Jm2zTevBp1SnjzMnooO1BOQW2bixVbOp8flOJoW+dxdDwEncObfsKZdkjwrv6AIH4oWqm5EO/etDmK9Q==",
      "dev": true,
      "requires": {}
    }
  }
}
